{
    "_readme": [
        "This file locks the dependencies of your project to a known state",
        "Read more about it at https://getcomposer.org/doc/01-basic-usage.md#installing-dependencies",
        "This file is @generated automatically"
    ],
    "content-hash": "8552898739e355fb900420624c2d15bc",
    "packages": [],
    "packages-dev": [
        {
            "name": "composer/semver",
            "version": "3.4.4",
            "source": {
                "type": "git",
                "url": "https://github.com/composer/semver.git",
                "reference": "198166618906cb2de69b95d7d47e5fa8aa1b2b95"
            },
            "dist": {
                "type": "zip",
                "url": "https://api.github.com/repos/composer/semver/zipball/198166618906cb2de69b95d7d47e5fa8aa1b2b95",
                "reference": "198166618906cb2de69b95d7d47e5fa8aa1b2b95",
                "shasum": ""
            },
            "require": {
                "php": "^5.3.2 || ^7.0 || ^8.0"
            },
            "require-dev": {
                "phpstan/phpstan": "^1.11",
                "symfony/phpunit-bridge": "^3 || ^7"
            },
            "type": "library",
            "extra": {
                "branch-alias": {
                    "dev-main": "3.x-dev"
                }
            },
            "autoload": {
                "psr-4": {
                    "Composer\\Semver\\": "src"
                }
            },
            "notification-url": "https://packagist.org/downloads/",
            "license": [
                "MIT"
            ],
            "authors": [
                {
                    "name": "Nils Adermann",
                    "email": "naderman@naderman.de",
                    "homepage": "http://www.naderman.de"
                },
                {
                    "name": "Jordi Boggiano",
                    "email": "j.boggiano@seld.be",
                    "homepage": "http://seld.be"
                },
                {
                    "name": "Rob Bast",
                    "email": "rob.bast@gmail.com",
                    "homepage": "http://robbast.nl"
                }
            ],
            "description": "Semver library that offers utilities, version constraint parsing and validation.",
            "keywords": [
                "semantic",
                "semver",
                "validation",
                "versioning"
            ],
            "support": {
                "irc": "ircs://irc.libera.chat:6697/composer",
                "issues": "https://github.com/composer/semver/issues",
                "source": "https://github.com/composer/semver/tree/3.4.4"
            },
            "funding": [
                {
                    "url": "https://packagist.com",
                    "type": "custom"
                },
                {
                    "url": "https://github.com/composer",
                    "type": "github"
                }
            ],
            "time": "2025-08-20T19:15:30+00:00"
        },
        {
            "name": "doctrine/dbal",
            "version": "4.4.3",
            "source": {
                "type": "git",
                "url": "https://github.com/doctrine/dbal.git",
                "reference": "61e730f1658814821a85f2402c945f3883407dec"
            },
            "dist": {
                "type": "zip",
                "url": "https://api.github.com/repos/doctrine/dbal/zipball/61e730f1658814821a85f2402c945f3883407dec",
                "reference": "61e730f1658814821a85f2402c945f3883407dec",
                "shasum": ""
            },
            "require": {
                "doctrine/deprecations": "^1.1.5",
                "php": "^8.2",
                "psr/cache": "^1|^2|^3",
                "psr/log": "^1|^2|^3"
            },
            "require-dev": {
                "doctrine/coding-standard": "14.0.0",
                "fig/log-test": "^1",
                "jetbrains/phpstorm-stubs": "2023.2",
                "phpstan/phpstan": "2.1.30",
                "phpstan/phpstan-phpunit": "2.0.7",
                "phpstan/phpstan-strict-rules": "^2",
                "phpunit/phpunit": "11.5.50",
                "slevomat/coding-standard": "8.27.1",
                "squizlabs/php_codesniffer": "4.0.1",
                "symfony/cache": "^6.3.8|^7.0|^8.0",
                "symfony/console": "^5.4|^6.3|^7.0|^8.0"
            },
            "suggest": {
                "symfony/console": "For helpful console commands such as SQL execution and import of files."
            },
            "type": "library",
            "autoload": {
                "psr-4": {
                    "Doctrine\\DBAL\\": "src"
                }
            },
            "notification-url": "https://packagist.org/downloads/",
            "license": [
                "MIT"
            ],
            "authors": [
                {
                    "name": "Guilherme Blanco",
                    "email": "guilhermeblanco@gmail.com"
                },
                {
                    "name": "Roman Borschel",
                    "email": "roman@code-factory.org"
                },
                {
                    "name": "Benjamin Eberlei",
                    "email": "kontakt@beberlei.de"
                },
                {
                    "name": "Jonathan Wage",
                    "email": "jonwage@gmail.com"
                }
            ],
            "description": "Powerful PHP database abstraction layer (DBAL) with many features for database schema introspection and management.",
            "homepage": "https://www.doctrine-project.org/projects/dbal.html",
            "keywords": [
                "abstraction",
                "database",
                "db2",
                "dbal",
                "mariadb",
                "mssql",
                "mysql",
                "oci8",
                "oracle",
                "pdo",
                "pgsql",
                "postgresql",
                "queryobject",
                "sasql",
                "sql",
                "sqlite",
                "sqlserver",
                "sqlsrv"
            ],
            "support": {
                "issues": "https://github.com/doctrine/dbal/issues",
                "source": "https://github.com/doctrine/dbal/tree/4.4.3"
            },
            "funding": [
                {
                    "url": "https://www.doctrine-project.org/sponsorship.html",
                    "type": "custom"
                },
                {
                    "url": "https://www.patreon.com/phpdoctrine",
                    "type": "patreon"
                },
                {
                    "url": "https://tidelift.com/funding/github/packagist/doctrine%2Fdbal",
                    "type": "tidelift"
                }
            ],
            "time": "2026-03-20T08:52:12+00:00"
        },
        {
            "name": "doctrine/deprecations",
            "version": "1.1.6",
            "source": {
                "type": "git",
                "url": "https://github.com/doctrine/deprecations.git",
                "reference": "d4fe3e6fd9bb9e72557a19674f44d8ac7db4c6ca"
            },
            "dist": {
                "type": "zip",
                "url": "https://api.github.com/repos/doctrine/deprecations/zipball/d4fe3e6fd9bb9e72557a19674f44d8ac7db4c6ca",
                "reference": "d4fe3e6fd9bb9e72557a19674f44d8ac7db4c6ca",
                "shasum": ""
            },
            "require": {
                "php": "^7.1 || ^8.0"
            },
            "conflict": {
                "phpunit/phpunit": "<=7.5 || >=14"
            },
            "require-dev": {
                "doctrine/coding-standard": "^9 || ^12 || ^14",
                "phpstan/phpstan": "1.4.10 || 2.1.30",
                "phpstan/phpstan-phpunit": "^1.0 || ^2",
                "phpunit/phpunit": "^7.5 || ^8.5 || ^9.6 || ^10.5 || ^11.5 || ^12.4 || ^13.0",
                "psr/log": "^1 || ^2 || ^3"
            },
            "suggest": {
                "psr/log": "Allows logging deprecations via PSR-3 logger implementation"
            },
            "type": "library",
            "autoload": {
                "psr-4": {
                    "Doctrine\\Deprecations\\": "src"
                }
            },
            "notification-url": "https://packagist.org/downloads/",
            "license": [
                "MIT"
            ],
            "description": "A small layer on top of trigger_error(E_USER_DEPRECATED) or PSR-3 logging with options to disable all deprecations or selectively for packages.",
            "homepage": "https://www.doctrine-project.org/",
            "support": {
                "issues": "https://github.com/doctrine/deprecations/issues",
                "source": "https://github.com/doctrine/deprecations/tree/1.1.6"
            },
            "time": "2026-02-07T07:09:04+00:00"
        },
        {
            "name": "jangregor/phpstan-prophecy",
            "version": "2.3.0",
            "source": {
                "type": "git",
                "url": "https://github.com/Jan0707/phpstan-prophecy.git",
                "reference": "42b6e62dc0fa5724a667cb9a10c7245580f22033"
            },
            "dist": {
                "type": "zip",
                "url": "https://api.github.com/repos/Jan0707/phpstan-prophecy/zipball/42b6e62dc0fa5724a667cb9a10c7245580f22033",
                "reference": "42b6e62dc0fa5724a667cb9a10c7245580f22033",
                "shasum": ""
            },
            "require": {
                "php": "^7.4 || ^8.0",
                "phpstan/phpstan": "^2.1.5"
            },
            "conflict": {
                "phpspec/prophecy": "<1.17.0 || >=2.0.0",
                "phpspec/prophecy-phpunit": "<2.3.0 || >=3.0.0",
                "phpunit/phpunit": "<9.1.0 || >=14.0.0"
            },
            "require-dev": {
                "ergebnis/composer-normalize": "^2.50.0",
                "ergebnis/license": "^2.7.0",
                "ergebnis/php-cs-fixer-config": "^6.59.0",
                "php-cs-fixer/shim": "^3.93.0",
                "phpspec/prophecy": "^1.7.0",
                "phpspec/prophecy-phpunit": "^2.3",
                "phpunit/phpunit": "^9.1.0"
            },
            "type": "phpstan-extension",
            "extra": {
                "phpstan": {
                    "includes": [
                        "extension.neon"
                    ]
                }
            },
            "autoload": {
                "psr-4": {
                    "JanGregor\\Prophecy\\": "src/"
                }
            },
            "notification-url": "https://packagist.org/downloads/",
            "license": [
                "MIT"
            ],
            "authors": [
                {
                    "name": "Jan Gregor Emge-Triebel",
                    "email": "jan@jangregor.me"
                }
            ],
            "description": "Provides a phpstan/phpstan extension for phpspec/prophecy",
            "support": {
                "issues": "https://github.com/Jan0707/phpstan-prophecy/issues",
                "source": "https://github.com/Jan0707/phpstan-prophecy/tree/2.3.0"
            },
            "time": "2026-02-10T08:07:43+00:00"
        },
        {
            "name": "phpstan/phpstan",
            "version": "2.1.46",
            "dist": {
                "type": "zip",
                "url": "https://api.github.com/repos/phpstan/phpstan/zipball/a193923fc2d6325ef4e741cf3af8c3e8f54dbf25",
                "reference": "a193923fc2d6325ef4e741cf3af8c3e8f54dbf25",
                "shasum": ""
            },
            "require": {
                "php": "^7.4|^8.0"
            },
            "conflict": {
                "phpstan/phpstan-shim": "*"
            },
            "bin": [
                "phpstan",
                "phpstan.phar"
            ],
            "type": "library",
            "autoload": {
                "files": [
                    "bootstrap.php"
                ]
            },
            "notification-url": "https://packagist.org/downloads/",
            "license": [
                "MIT"
            ],
            "description": "PHPStan - PHP Static Analysis Tool",
            "keywords": [
                "dev",
                "static analysis"
            ],
            "support": {
                "docs": "https://phpstan.org/user-guide/getting-started",
                "forum": "https://github.com/phpstan/phpstan/discussions",
                "issues": "https://github.com/phpstan/phpstan/issues",
                "security": "https://github.com/phpstan/phpstan/security/policy",
                "source": "https://github.com/phpstan/phpstan-src"
            },
            "funding": [
                {
                    "url": "https://github.com/ondrejmirtes",
                    "type": "github"
                },
                {
                    "url": "https://github.com/phpstan",
                    "type": "github"
                }
            ],
            "time": "2026-04-01T09:25:14+00:00"
        },
        {
            "name": "phpstan/phpstan-phpunit",
            "version": "2.0.16",
            "source": {
                "type": "git",
                "url": "https://github.com/phpstan/phpstan-phpunit.git",
                "reference": "6ab598e1bc106e6827fd346ae4a12b4a5d634c32"
            },
            "dist": {
                "type": "zip",
                "url": "https://api.github.com/repos/phpstan/phpstan-phpunit/zipball/6ab598e1bc106e6827fd346ae4a12b4a5d634c32",
                "reference": "6ab598e1bc106e6827fd346ae4a12b4a5d634c32",
                "shasum": ""
            },
            "require": {
                "php": "^7.4 || ^8.0",
                "phpstan/phpstan": "^2.1.32"
            },
            "conflict": {
                "phpunit/phpunit": "<7.0"
            },
            "require-dev": {
                "nikic/php-parser": "^5",
                "php-parallel-lint/php-parallel-lint": "^1.2",
                "phpstan/phpstan-deprecation-rules": "^2.0",
                "phpstan/phpstan-strict-rules": "^2.0",
                "phpunit/phpunit": "^9.6"
            },
            "type": "phpstan-extension",
            "extra": {
                "phpstan": {
                    "includes": [
                        "extension.neon",
                        "rules.neon"
                    ]
                }
            },
            "autoload": {
                "psr-4": {
                    "PHPStan\\": "src/"
                }
            },
            "notification-url": "https://packagist.org/downloads/",
            "license": [
                "MIT"
            ],
            "description": "PHPUnit extensions and rules for PHPStan",
            "keywords": [
                "static analysis"
            ],
            "support": {
                "issues": "https://github.com/phpstan/phpstan-phpunit/issues",
                "source": "https://github.com/phpstan/phpstan-phpunit/tree/2.0.16"
            },
            "time": "2026-02-14T09:05:21+00:00"
        },
        {
            "name": "phpstan/phpstan-strict-rules",
            "version": "2.0.1",
            "source": {
                "type": "git",
                "url": "https://github.com/phpstan/phpstan-strict-rules.git",
                "reference": "ed6fea0ad4ad9c7e25f3ad2e7c4d420cf1e67fe3"
            },
            "dist": {
                "type": "zip",
                "url": "https://api.github.com/repos/phpstan/phpstan-strict-rules/zipball/ed6fea0ad4ad9c7e25f3ad2e7c4d420cf1e67fe3",
                "reference": "ed6fea0ad4ad9c7e25f3ad2e7c4d420cf1e67fe3",
                "shasum": ""
            },
            "require": {
                "php": "^7.4 || ^8.0",
                "phpstan/phpstan": "^2.0.4"
            },
            "require-dev": {
                "php-parallel-lint/php-parallel-lint": "^1.2",
                "phpstan/phpstan-deprecation-rules": "^2.0",
                "phpstan/phpstan-phpunit": "^2.0",
                "phpunit/phpunit": "^9.6"
            },
            "type": "phpstan-extension",
            "extra": {
                "phpstan": {
                    "includes": [
                        "rules.neon"
                    ]
                }
            },
            "autoload": {
                "psr-4": {
                    "PHPStan\\": "src/"
                }
            },
            "notification-url": "https://packagist.org/downloads/",
            "license": [
                "MIT"
            ],
            "description": "Extra strict and opinionated rules for PHPStan",
            "support": {
                "issues": "https://github.com/phpstan/phpstan-strict-rules/issues",
                "source": "https://github.com/phpstan/phpstan-strict-rules/tree/2.0.1"
            },
            "time": "2024-12-12T20:21:10+00:00"
        },
        {
            "name": "phpstan/phpstan-symfony",
            "version": "2.0.15",
            "source": {
                "type": "git",
                "url": "https://github.com/phpstan/phpstan-symfony.git",
                "reference": "9b85ab476969b87bbe2253b69e265a9359b2f395"
            },
            "dist": {
                "type": "zip",
                "url": "https://api.github.com/repos/phpstan/phpstan-symfony/zipball/9b85ab476969b87bbe2253b69e265a9359b2f395",
                "reference": "9b85ab476969b87bbe2253b69e265a9359b2f395",
                "shasum": ""
            },
            "require": {
                "ext-simplexml": "*",
                "php": "^7.4 || ^8.0",
                "phpstan/phpstan": "^2.1.13"
            },
            "conflict": {
                "symfony/framework-bundle": "<3.0"
            },
            "require-dev": {
                "php-parallel-lint/php-parallel-lint": "^1.2",
                "phpstan/phpstan-phpunit": "^2.0.8",
                "phpstan/phpstan-strict-rules": "^2.0",
                "phpunit/phpunit": "^9.6",
                "psr/container": "1.1.2",
                "symfony/config": "^5.4 || ^6.1",
                "symfony/console": "^5.4 || ^6.1",
                "symfony/dependency-injection": "^5.4 || ^6.1",
                "symfony/form": "^5.4 || ^6.1",
                "symfony/framework-bundle": "^5.4 || ^6.1",
                "symfony/http-foundation": "^5.4 || ^6.1",
                "symfony/messenger": "^5.4",
                "symfony/polyfill-php80": "^1.24",
                "symfony/serializer": "^5.4",
                "symfony/service-contracts": "^2.2.0"
            },
            "type": "phpstan-extension",
            "extra": {
                "phpstan": {
                    "includes": [
                        "extension.neon",
                        "rules.neon"
                    ]
                }
            },
            "autoload": {
                "psr-4": {
                    "PHPStan\\": "src/"
                }
            },
            "notification-url": "https://packagist.org/downloads/",
            "license": [
                "MIT"
            ],
            "authors": [
                {
                    "name": "Lukáš Unger",
                    "email": "looky.msc@gmail.com",
                    "homepage": "https://lookyman.net"
                }
            ],
            "description": "Symfony Framework extensions and rules for PHPStan",
            "keywords": [
                "static analysis"
            ],
            "support": {
                "issues": "https://github.com/phpstan/phpstan-symfony/issues",
                "source": "https://github.com/phpstan/phpstan-symfony/tree/2.0.15"
            },
            "time": "2026-02-26T10:15:59+00:00"
        },
        {
            "name": "psr/cache",
            "version": "3.0.0",
            "source": {
                "type": "git",
                "url": "https://github.com/php-fig/cache.git",
                "reference": "aa5030cfa5405eccfdcb1083ce040c2cb8d253bf"
            },
            "dist": {
                "type": "zip",
                "url": "https://api.github.com/repos/php-fig/cache/zipball/aa5030cfa5405eccfdcb1083ce040c2cb8d253bf",
                "reference": "aa5030cfa5405eccfdcb1083ce040c2cb8d253bf",
                "shasum": ""
            },
            "require": {
                "php": ">=8.0.0"
            },
            "type": "library",
            "extra": {
                "branch-alias": {
                    "dev-master": "1.0.x-dev"
                }
            },
            "autoload": {
                "psr-4": {
                    "Psr\\Cache\\": "src/"
                }
            },
            "notification-url": "https://packagist.org/downloads/",
            "license": [
                "MIT"
            ],
            "authors": [
                {
                    "name": "PHP-FIG",
                    "homepage": "https://www.php-fig.org/"
                }
            ],
            "description": "Common interface for caching libraries",
            "keywords": [
                "cache",
                "psr",
                "psr-6"
            ],
            "support": {
                "source": "https://github.com/php-fig/cache/tree/3.0.0"
            },
            "time": "2021-02-03T23:26:27+00:00"
        },
        {
            "name": "psr/log",
            "version": "3.0.2",
            "source": {
                "type": "git",
                "url": "https://github.com/php-fig/log.git",
                "reference": "f16e1d5863e37f8d8c2a01719f5b34baa2b714d3"
            },
            "dist": {
                "type": "zip",
                "url": "https://api.github.com/repos/php-fig/log/zipball/f16e1d5863e37f8d8c2a01719f5b34baa2b714d3",
                "reference": "f16e1d5863e37f8d8c2a01719f5b34baa2b714d3",
                "shasum": ""
            },
            "require": {
                "php": ">=8.0.0"
            },
            "type": "library",
            "extra": {
                "branch-alias": {
                    "dev-master": "3.x-dev"
                }
            },
            "autoload": {
                "psr-4": {
                    "Psr\\Log\\": "src"
                }
            },
            "notification-url": "https://packagist.org/downloads/",
            "license": [
                "MIT"
            ],
            "authors": [
                {
                    "name": "PHP-FIG",
                    "homepage": "https://www.php-fig.org/"
                }
            ],
            "description": "Common interface for logging libraries",
            "homepage": "https://github.com/php-fig/log",
            "keywords": [
                "log",
                "psr",
                "psr-3"
            ],
            "support": {
                "source": "https://github.com/php-fig/log/tree/3.0.2"
            },
            "time": "2024-09-11T13:17:53+00:00"
        },
        {
            "name": "shipmonk/dead-code-detector",
            "version": "1.0.0",
            "source": {
                "type": "git",
                "url": "https://github.com/shipmonk-rnd/dead-code-detector.git",
                "reference": "dd909a6e267ae03837f166bc5e9d2f0851b14ff0"
            },
            "dist": {
                "type": "zip",
                "url": "https://api.github.com/repos/shipmonk-rnd/dead-code-detector/zipball/dd909a6e267ae03837f166bc5e9d2f0851b14ff0",
                "reference": "dd909a6e267ae03837f166bc5e9d2f0851b14ff0",
                "shasum": ""
            },
            "require": {
                "php": "^8.1",
                "phpstan/phpstan": "^2.1.41"
            },
            "require-dev": {
                "behat/behat": "^3.14",
                "composer-runtime-api": "^2.0",
                "composer/semver": "^3.4",
                "doctrine/orm": "^2.19 || ^3.0",
                "editorconfig-checker/editorconfig-checker": "^10.7.0",
                "ergebnis/composer-normalize": "^2.48.1",
                "laravel/framework": "^10.0 || ^11.0 || ^12.0",
                "nette/application": "^3.1",
                "nette/component-model": "^3.0",
                "nette/tester": "^2.4",
                "nette/utils": "^3.0 || ^4.0",
                "nikic/php-parser": "^5.4.0",
                "phpbench/phpbench": "^1.2",
                "phpstan/phpstan-phpunit": "^2.0.16",
                "phpstan/phpstan-strict-rules": "^2.0.10",
                "phpstan/phpstan-symfony": "^2.0.15",
                "phpunit/phpcov": "^9.0.2",
                "phpunit/phpunit": "^10.5.46",
                "shipmonk/coding-standard": "^0.2.2",
                "shipmonk/composer-dependency-analyser": "^1.8.4",
                "shipmonk/coverage-guard": "^1.0.2",
                "shipmonk/name-collision-detector": "^2.1.1",
                "shipmonk/phpstan-dev": "^0.1.6",
                "shipmonk/phpstan-rules": "^4.3.6",
                "symfony/contracts": "^2.5 || ^3.0 || ^4.0",
                "symfony/dependency-injection": "^5.4 || ^6.0 || ^7.0 || ^8.0",
                "symfony/doctrine-bridge": "^5.4 || ^6.0 || ^7.0 || ^8.0",
                "symfony/event-dispatcher": "^5.4 || ^6.0 || ^7.0 || ^8.0",
                "symfony/framework-bundle": "^5.4 || ^6.0 || ^7.0 || ^8.0",
                "symfony/http-kernel": "^5.4 || ^6.0 || ^7.0 || ^8.0",
                "symfony/routing": "^5.4 || ^6.0 || ^7.0 || ^8.0",
                "symfony/scheduler": "^6.3 || ^7.0 || ^8.0",
                "symfony/ux-live-component": "^2.34",
                "symfony/ux-twig-component": "^2.34",
                "symfony/validator": "^5.4 || ^6.0 || ^7.0 || ^8.0",
                "twig/twig": "^3.0"
            },
            "type": "phpstan-extension",
            "extra": {
                "phpstan": {
                    "includes": [
                        "rules.neon"
                    ]
                }
            },
            "autoload": {
                "psr-4": {
                    "ShipMonk\\PHPStan\\DeadCode\\": "src/"
                }
            },
            "notification-url": "https://packagist.org/downloads/",
            "license": [
                "MIT"
            ],
            "description": "Dead code detector to find unused PHP code via PHPStan extension. Can automatically remove dead PHP code. Supports libraries like Symfony, Doctrine, PHPUnit etc. Detects dead cycles. Can detect dead code that is tested.",
            "keywords": [
                "PHPStan",
                "dead code",
                "static analysis",
                "unused code"
            ],
            "support": {
                "issues": "https://github.com/shipmonk-rnd/dead-code-detector/issues",
                "source": "https://github.com/shipmonk-rnd/dead-code-detector/tree/1.0.0"
            },
            "time": "2026-04-08T10:39:05+00:00"
        },
        {
            "name": "shipmonk/phpstan-rules",
            "version": "4.3.7",
            "source": {
                "type": "git",
                "url": "https://github.com/shipmonk-rnd/phpstan-rules.git",
                "reference": "a46689f9179206f1edcfe078bcec6fc1ec5bf202"
            },
            "dist": {
                "type": "zip",
                "url": "https://api.github.com/repos/shipmonk-rnd/phpstan-rules/zipball/a46689f9179206f1edcfe078bcec6fc1ec5bf202",
                "reference": "a46689f9179206f1edcfe078bcec6fc1ec5bf202",
                "shasum": ""
            },
            "require": {
                "php": "^7.4 || ^8.0",
                "phpstan/phpstan": "^2.1.32"
            },
            "require-dev": {
                "editorconfig-checker/editorconfig-checker": "^10.6.0",
                "ergebnis/composer-normalize": "^2.45.0",
                "phpstan/phpstan-deprecation-rules": "^2.0.1",
                "phpstan/phpstan-phpunit": "^2.0.4",
                "phpstan/phpstan-strict-rules": "^2.0.3",
                "phpunit/phpunit": "^9.6.33",
                "shipmonk/coding-standard": "^0.2.0",
                "shipmonk/composer-dependency-analyser": "^1.8.1",
                "shipmonk/coverage-guard": "^1.0.0",
                "shipmonk/dead-code-detector": "^0.9.0",
                "shipmonk/name-collision-detector": "^2.1.1",
                "shipmonk/phpstan-dev": "^0.1.5"
            },
            "type": "phpstan-extension",
            "extra": {
                "phpstan": {
                    "includes": [
                        "rules.neon"
                    ]
                }
            },
            "autoload": {
                "psr-4": {
                    "ShipMonk\\PHPStan\\": "src/"
                }
            },
            "notification-url": "https://packagist.org/downloads/",
            "license": [
                "MIT"
            ],
            "description": "Various extra strict PHPStan rules we found useful in ShipMonk.",
            "keywords": [
                "PHPStan",
                "static analysis"
            ],
            "support": {
                "issues": "https://github.com/shipmonk-rnd/phpstan-rules/issues",
                "source": "https://github.com/shipmonk-rnd/phpstan-rules/tree/4.3.7"
            },
            "time": "2026-04-07T07:56:34+00:00"
        },
        {
            "name": "spaze/phpstan-disallowed-calls",
            "version": "v4.10.0",
            "source": {
                "type": "git",
                "url": "https://github.com/spaze/phpstan-disallowed-calls.git",
                "reference": "501b212b15b8b4c5e2aaf44ee01bb024f85956d3"
            },
            "dist": {
                "type": "zip",
                "url": "https://api.github.com/repos/spaze/phpstan-disallowed-calls/zipball/501b212b15b8b4c5e2aaf44ee01bb024f85956d3",
                "reference": "501b212b15b8b4c5e2aaf44ee01bb024f85956d3",
                "shasum": ""
            },
            "require": {
                "php": "^7.4 || ^8.0",
                "phpstan/phpstan": "^1.12.6 || ^2.0"
            },
            "require-dev": {
                "nette/neon": "^3.3.1",
                "php-parallel-lint/php-console-highlighter": "^1.0",
                "php-parallel-lint/php-parallel-lint": "^1.2",
                "phpstan/phpstan-deprecation-rules": "^1.2 || ^2.0",
                "phpunit/phpunit": "^8.5.14 || ^10.1 || ^11.0 || ^12.0 || ^13.0",
                "shipmonk/dead-code-detector": "^0.15.0",
                "spaze/coding-standard": "^1.8"
            },
            "type": "phpstan-extension",
            "extra": {
                "phpstan": {
                    "includes": [
                        "extension.neon"
                    ]
                }
            },
            "autoload": {
                "psr-4": {
                    "Spaze\\PHPStan\\Rules\\Disallowed\\": "src"
                }
            },
            "notification-url": "https://packagist.org/downloads/",
            "license": [
                "MIT"
            ],
            "authors": [
                {
                    "name": "Michal Špaček",
                    "email": "mail@michalspacek.cz",
                    "homepage": "https://www.michalspacek.cz"
                }
            ],
            "description": "PHPStan rules to detect disallowed method & function calls, constant, namespace, attribute, property & superglobal usages, with powerful rules to re-allow a call or a usage in places where it should be allowed.",
            "keywords": [
                "static analysis"
            ],
            "support": {
                "issues": "https://github.com/spaze/phpstan-disallowed-calls/issues",
                "source": "https://github.com/spaze/phpstan-disallowed-calls/tree/v4.10.0"
            },
            "funding": [
                {
                    "url": "https://github.com/spaze",
                    "type": "github"
                }
            ],
            "time": "2026-04-04T01:47:30+00:00"
        },
        {
            "name": "staabm/phpstan-dba",
            "version": "0.4.2",
            "source": {
                "type": "git",
                "url": "https://github.com/staabm/phpstan-dba.git",
                "reference": "b4a6084d9c08db2d208cef81184bbf26d1581864"
            },
            "dist": {
                "type": "zip",
                "url": "https://api.github.com/repos/staabm/phpstan-dba/zipball/b4a6084d9c08db2d208cef81184bbf26d1581864",
                "reference": "b4a6084d9c08db2d208cef81184bbf26d1581864",
                "shasum": ""
            },
            "require": {
                "composer-runtime-api": "^2.0",
                "composer/semver": "^3.2",
                "doctrine/dbal": "3.*|4.*",
                "php": "^7.4 || ^8.0",
                "phpstan/phpstan": "^2.0"
            },
            "conflict": {
                "sqlftw/sqlftw": "<0.1.16"
            },
            "require-dev": {
                "dibi/dibi": "^4.2",
                "ext-mysqli": "*",
                "ext-pdo": "*",
                "php-parallel-lint/php-parallel-lint": "^1.4",
                "phpstan/extension-installer": "^1.4",
                "phpstan/phpstan-deprecation-rules": "^2.0",
                "phpstan/phpstan-phpunit": "^2.0",
                "phpstan/phpstan-strict-rules": "^2.0",
                "phpunit/phpunit": "^8.5|^9.5",
                "symplify/easy-coding-standard": "^12.5",
                "tomasvotruba/unused-public": "^2.0",
                "vlucas/phpdotenv": "^5.4"
            },
            "type": "phpstan-extension",
            "extra": {
                "phpstan": {
                    "includes": [
                        "config/dba.neon"
                    ]
                },
                "branch-alias": {
                    "dev-main": "0.3.x-dev"
                }
            },
            "autoload": {
                "psr-4": {
                    "staabm\\PHPStanDba\\": "src/"
                }
            },
            "notification-url": "https://packagist.org/downloads/",
            "license": [
                "MIT"
            ],
            "keywords": [
                "Database Access Layer",
                "PHPStan",
                "code quality",
                "dev",
                "phpstan-extension",
                "static analysis"
            ],
            "support": {
                "issues": "https://github.com/staabm/phpstan-dba/issues",
                "source": "https://github.com/staabm/phpstan-dba/tree/0.4.2"
            },
            "funding": [
                {
                    "url": "https://github.com/staabm",
                    "type": "github"
                }
            ],
            "time": "2025-08-07T09:33:14+00:00"
        }
    ],
    "aliases": [],
    "minimum-stability": "stable",
    "stability-flags": {},
    "prefer-stable": false,
    "prefer-lowest": false,
    "platform": {},
    "platform-dev": {},
    "plugin-api-version": "2.9.0"
}
